
Microsoft Visual Studio Solution File, Format Version 12.00
# Visual Studio Version 17
VisualStudioVersion = 17.14.36915.13 d17.14
MinimumVisualStudioVersion = 10.0.40219.1
Project("{FAE04EC0-301F-11D3-BF4B-00C04F79EFBC}") = "Assignment 04 OOP", "Assignment 04 OOP.csproj", "{0DB0CE5E-BA74-4121-8163-812515751F43}"
EndProject
Global
	GlobalSection(SolutionConfigurationPlatforms) = preSolution
		Debug|Any CPU = Debug|Any CPU
		Release|Any CPU = Release|Any CPU
	EndGlobalSection
	GlobalSection(ProjectConfigurationPlatforms) = postSolution
		{0DB0CE5E-BA74-4121-8163-812515751F43}.Debug|Any CPU.ActiveCfg = Debug|Any CPU
		{0DB0CE5E-BA74-4121-8163-812515751F43}.Debug|Any CPU.Build.0 = Debug|Any CPU
		{0DB0CE5E-BA74-4121-8163-812515751F43}.Release|Any CPU.ActiveCfg = Release|Any CPU
		{0DB0CE5E-BA74-4121-8163-812515751F43}.Release|Any CPU.Build.0 = Release|Any CPU
	EndGlobalSection
	GlobalSection(SolutionProperties) = preSolution
		HideSolutionNode = FALSE
	EndGlobalSection
	GlobalSection(ExtensibilityGlobals) = postSolution
		SolutionGuid = {5D8C7F29-FD87-4A23-B4C6-9DF788278B72}
	EndGlobalSection
EndGlobal
